Microsoft Visual Studio Solution File, Format Version 12.00
# Visual Studio Version 17
VisualStudioVersion = 17.5.2.0
MinimumVisualStudioVersion = 10.0.40219.1
Project("{FAE04EC0-301F-11D3-BF4B-00C04F79EFBC}") = "LeleLoves", "LeleLoves.csproj", "{6AD1B0D9-FEAA-2FE7-9DCC-A69CB6D0F858}"
EndProject
Global
	GlobalSection(SolutionConfigurationPlatforms) = preSolution
		Debug|Any CPU = Debug|Any CPU
		Release|Any CPU = Release|Any CPU
	EndGlobalSection
	GlobalSection(ProjectConfigurationPlatforms) = postSolution
		{6AD1B0D9-FEAA-2FE7-9DCC-A69CB6D0F858}.Debug|Any CPU.ActiveCfg = Debug|Any CPU
		{6AD1B0D9-FEAA-2FE7-9DCC-A69CB6D0F858}.Debug|Any CPU.Build.0 = Debug|Any CPU
		{6AD1B0D9-FEAA-2FE7-9DCC-A69CB6D0F858}.Release|Any CPU.ActiveCfg = Release|Any CPU
		{6AD1B0D9-FEAA-2FE7-9DCC-A69CB6D0F858}.Release|Any CPU.Build.0 = Release|Any CPU
	EndGlobalSection
	GlobalSection(SolutionProperties) = preSolution
		HideSolutionNode = FALSE
	EndGlobalSection
	GlobalSection(ExtensibilityGlobals) = postSolution
		SolutionGuid = {2A7428C4-6A44-4B00-9E13-AC86D6016047}
	EndGlobalSection
EndGlobal
